
Microsoft Visual Studio Solution File, Format Version 12.00
# Visual Studio Version 16
VisualStudioVersion = 16.0.32228.343
MinimumVisualStudioVersion = 10.0.40219.1
Project("{FAE04EC0-301F-11D3-BF4B-00C04F79EFBC}") = "CocktailExercise", "CocktailExercise.csproj", "{307334D4-A331-474E-8869-93F27A7FB81F}"
EndProject
Global
	GlobalSection(SolutionConfigurationPlatforms) = preSolution
		Debug|Any CPU = Debug|Any CPU
		Release|Any CPU = Release|Any CPU
	EndGlobalSection
	GlobalSection(ProjectConfigurationPlatforms) = postSolution
		{307334D4-A331-474E-8869-93F27A7FB81F}.Debug|Any CPU.ActiveCfg = Debug|Any CPU
		{307334D4-A331-474E-8869-93F27A7FB81F}.Debug|Any CPU.Build.0 = Debug|Any CPU
		{307334D4-A331-474E-8869-93F27A7FB81F}.Release|Any CPU.ActiveCfg = Release|Any CPU
		{307334D4-A331-474E-8869-93F27A7FB81F}.Release|Any CPU.Build.0 = Release|Any CPU
	EndGlobalSection
	GlobalSection(SolutionProperties) = preSolution
		HideSolutionNode = FALSE
	EndGlobalSection
	GlobalSection(ExtensibilityGlobals) = postSolution
		SolutionGuid = {748DB00D-2578-4DCD-8A2D-9C2483C0FFC8}
	EndGlobalSection
EndGlobal
